{
  "name": "generador-aleatorio-palabrejas",
  "version": "1.0.0",
  "lockfileVersion": 3,
  "requires": true,
  "packages": {
    "": {
      "name": "generador-aleatorio-palabrejas",
      "version": "1.0.0",
      "license": "MIT",
      "bin": {
        "generador-aleatorio-palabrejas": "bin/global.js"
      }
    }
  }
}
